
Microsoft Visual Studio Solution File, Format Version 12.00
# Visual Studio Version 17
VisualStudioVersion = 17.10.35122.118
MinimumVisualStudioVersion = 10.0.40219.1
Project("{FAE04EC0-301F-11D3-BF4B-00C04F79EFBC}") = "Dias", "Dias\Dias.csproj", "{676F8671-489C-4289-B5C8-3DB3B0350C44}"
EndProject
Global
	GlobalSection(SolutionConfigurationPlatforms) = preSolution
		Debug|Any CPU = Debug|Any CPU
		Release|Any CPU = Release|Any CPU
	EndGlobalSection
	GlobalSection(ProjectConfigurationPlatforms) = postSolution
		{676F8671-489C-4289-B5C8-3DB3B0350C44}.Debug|Any CPU.ActiveCfg = Debug|Any CPU
		{676F8671-489C-4289-B5C8-3DB3B0350C44}.Debug|Any CPU.Build.0 = Debug|Any CPU
		{676F8671-489C-4289-B5C8-3DB3B0350C44}.Release|Any CPU.ActiveCfg = Release|Any CPU
		{676F8671-489C-4289-B5C8-3DB3B0350C44}.Release|Any CPU.Build.0 = Release|Any CPU
	EndGlobalSection
	GlobalSection(SolutionProperties) = preSolution
		HideSolutionNode = FALSE
	EndGlobalSection
	GlobalSection(ExtensibilityGlobals) = postSolution
		SolutionGuid = {7F89A85E-E929-4154-8533-D2CF95F29881}
	EndGlobalSection
EndGlobal
